# This file is autogenerated, do not edit; changes may be undone by the next 'dep ensure'.


[[projects]]
  name = "github.com/cenkalti/backoff"
  packages = ["."]
  revision = "61153c768f31ee5f130071d08fc82b85208528de"
  version = "v1.1.0"

[[projects]]
  name = "github.com/docopt/docopt-go"
  packages = ["."]
  revision = "784ddc588536785e7299f7272f39101f7faccc3f"
  version = "0.6.2"

[[projects]]
  branch = "master"
  name = "github.com/fatih/camelcase"
  packages = ["."]
  revision = "44e46d280b43ec1531bb25252440e34f1b800b65"

[[projects]]
  name = "github.com/pborman/uuid"
  packages = ["."]
  revision = "e790cca94e6cc75c7064b1332e63811d4aae1a53"
  version = "v1.1"

[[projects]]
  branch = "master"
  name = "github.com/taskcluster/httpbackoff"
  packages = ["."]
  revision = "37b800ab4f00aef0540aad578ad6b5309293f5cc"

[[projects]]
  branch = "master"
  name = "github.com/taskcluster/jsonschema2go"
  packages = ["text"]
  revision = "f97789dbbeb2ee44526f9c98c22caa5f6acce627"

[[projects]]
  branch = "master"
  name = "github.com/taskcluster/slugid-go"
  packages = ["slugid"]
  revision = "4c0e2e61d036a26beb0645e817463fa73e59beef"

[[projects]]
  branch = "master"
  name = "github.com/taskcluster/taskcluster-client-go"
  packages = [".","queue"]
  revision = "686af503cfe606e6356f43418d7141ba6d58c2ea"

[[projects]]
  branch = "master"
  name = "github.com/tent/hawk-go"
  packages = ["."]
  revision = "d341ea31895747c3b8f64837fef40ccf0c1143af"

[[projects]]
  branch = "master"
  name = "github.com/theckman/goconstraint"
  packages = ["go1.8/gte"]
  revision = "b481d8dfc9f409b57fe73890cb4294b69376c4ae"

[[projects]]
  branch = "master"
  name = "golang.org/x/net"
  packages = ["context"]
  revision = "a337091b0525af65de94df2eb7e98bd9962dcbe2"

[solve-meta]
  analyzer-name = "dep"
  analyzer-version = 1
  inputs-digest = "f9778b609f392201af5a2556027ff3c13c1d2168d036b4d738e3d54afadf371f"
  solver-name = "gps-cdcl"
  solver-version = 1
